
Microsoft Visual Studio Solution File, Format Version 12.00
# Visual Studio Version 16
VisualStudioVersion = 16.0.30804.86
MinimumVisualStudioVersion = 10.0.40219.1
Project("{FAE04EC0-301F-11D3-BF4B-00C04F79EFBC}") = "FCPlugin", "FCPlugin.csproj", "{95E4503B-BF15-499B-B5B2-FC0F3E425A3E}"
EndProject
Global
	GlobalSection(SolutionConfigurationPlatforms) = preSolution
		Debug|Any CPU = Debug|Any CPU
		Release|Any CPU = Release|Any CPU
	EndGlobalSection
	GlobalSection(ProjectConfigurationPlatforms) = postSolution
		{95E4503B-BF15-499B-B5B2-FC0F3E425A3E}.Debug|Any CPU.ActiveCfg = Debug|Any CPU
		{95E4503B-BF15-499B-B5B2-FC0F3E425A3E}.Debug|Any CPU.Build.0 = Debug|Any CPU
		{95E4503B-BF15-499B-B5B2-FC0F3E425A3E}.Release|Any CPU.ActiveCfg = Release|Any CPU
		{95E4503B-BF15-499B-B5B2-FC0F3E425A3E}.Release|Any CPU.Build.0 = Release|Any CPU
	EndGlobalSection
	GlobalSection(SolutionProperties) = preSolution
		HideSolutionNode = FALSE
	EndGlobalSection
	GlobalSection(ExtensibilityGlobals) = postSolution
		SolutionGuid = {A9CDC0DB-7279-49B2-9785-D803D457EEE9}
	EndGlobalSection
EndGlobal
